
Microsoft Visual Studio Solution File, Format Version 12.00
Project("{FAE04EC0-301F-11D3-BF4B-00C04F79EFBC}") = "Node_01", "Node_01\Node_01.csproj", "{4800F466-8D81-4C90-A504-28AFF5E0B505}"
EndProject
Project("{FAE04EC0-301F-11D3-BF4B-00C04F79EFBC}") = "Node_02", "Node_02\Node_02.csproj", "{1C074125-17CF-4842-8C27-766CF2CF8522}"
EndProject
Project("{FAE04EC0-301F-11D3-BF4B-00C04F79EFBC}") = "RRLib", "RRLib\RRLib.csproj", "{DD19A771-B0C6-4AB6-A336-CD55443862F0}"
EndProject
Project("{FAE04EC0-301F-11D3-BF4B-00C04F79EFBC}") = "Test", "Test\Test.csproj", "{182A6136-C062-4EB2-8D53-0144641C74FC}"
EndProject
Project("{2150E333-8FDC-42A3-9474-1A3956D46DE8}") = "Tests", "Tests", "{CD0194AB-21EA-426A-BD89-66A288DDED10}"
EndProject
Project("{FAE04EC0-301F-11D3-BF4B-00C04F79EFBC}") = "StorageLib", "StorageLib\StorageLib.csproj", "{0AB885A1-127F-4404-B422-6482F92D8A68}"
EndProject
Project("{FAE04EC0-301F-11D3-BF4B-00C04F79EFBC}") = "CoreLib", "CoreLib\CoreLib.csproj", "{D01B9B8A-50CF-490B-A7A5-3458DF5493A1}"
EndProject
Project("{FAE04EC0-301F-11D3-BF4B-00C04F79EFBC}") = "BlockchainLib", "BlockchainLib\BlockchainLib.csproj", "{51140A9D-1A89-405C-961A-3947EC2C5173}"
EndProject
Project("{FAE04EC0-301F-11D3-BF4B-00C04F79EFBC}") = "ConsensusLib", "ConsensusLib\ConsensusLib.csproj", "{A38895BF-1A04-47E0-B0DD-F5E2C0B37C96}"
EndProject
Project("{FAE04EC0-301F-11D3-BF4B-00C04F79EFBC}") = "SecurityLib", "SecurityLib\SecurityLib.csproj", "{BAE9054B-BDD7-410A-ACBE-B6CD3D247E54}"
EndProject
Project("{FAE04EC0-301F-11D3-BF4B-00C04F79EFBC}") = "UtilitiesLib", "UtilitiesLib\UtilitiesLib.csproj", "{5147AE56-9BBE-4979-8E63-B1DF08E89716}"
EndProject
Project("{2150E333-8FDC-42A3-9474-1A3956D46DE8}") = "Net", "Net", "{DE0AD086-B51B-4D8B-A613-40A82AE9C891}"
EndProject
Project("{FAE04EC0-301F-11D3-BF4B-00C04F79EFBC}") = "Server", "Server\Server.csproj", "{12CED3AD-4B29-4564-8B95-3548166FB1E0}"
EndProject
Project("{FAE04EC0-301F-11D3-BF4B-00C04F79EFBC}") = "Client", "Client\Client.csproj", "{19E3D593-1664-4F50-8EA9-0CF40A787627}"
EndProject
Project("{2150E333-8FDC-42A3-9474-1A3956D46DE8}") = "Blockchain", "Blockchain", "{A3D66E23-6E9A-4745-875D-F4C53E916DA9}"
EndProject
Project("{FAE04EC0-301F-11D3-BF4B-00C04F79EFBC}") = "PeerLib", "PeerLib\PeerLib.csproj", "{B13AAC7A-824E-411A-B222-0886A5B0E3BA}"
EndProject
Project("{2150E333-8FDC-42A3-9474-1A3956D46DE8}") = "Storage", "Storage", "{9DDAC685-9BDA-438A-B08D-1FA2CA047485}"
EndProject
Project("{FAE04EC0-301F-11D3-BF4B-00C04F79EFBC}") = "TestDb", "TestDb\TestDb.csproj", "{533B125C-D246-4141-97C8-2E6853F031EC}"
EndProject
Project("{FAE04EC0-301F-11D3-BF4B-00C04F79EFBC}") = "BlockchainTest", "BlockchainTest\BlockchainTest.csproj", "{52E845CA-BE01-4218-89A5-4905363EE1F5}"
EndProject
Project("{2150E333-8FDC-42A3-9474-1A3956D46DE8}") = "API", "API", "{63E56F9A-3A0F-4724-A7EB-0F45634FB65E}"
EndProject
Project("{FAE04EC0-301F-11D3-BF4B-00C04F79EFBC}") = "BlockchainValidatorLib", "BlockchainValidatorLib\BlockchainValidatorLib.csproj", "{DF200A7B-84CA-4692-806F-845CA1F4D261}"
EndProject
Project("{FAE04EC0-301F-11D3-BF4B-00C04F79EFBC}") = "HttpServer", "HttpServer\HttpServer.csproj", "{3736DEF7-4E16-4F21-A092-1F6BC3547CCA}"
EndProject
Project("{FAE04EC0-301F-11D3-BF4B-00C04F79EFBC}") = "HttpClient", "HttpClient\HttpClient.csproj", "{2B9C23F8-9E20-40A5-B198-9B33D86433C2}"
EndProject
Project("{FAE04EC0-301F-11D3-BF4B-00C04F79EFBC}") = "ModelsLib", "ModelsLib\ModelsLib.csproj", "{A57CB84F-6FC7-4204-A115-DAD547B198BB}"
EndProject
Project("{FAE04EC0-301F-11D3-BF4B-00C04F79EFBC}") = "EnumsLib", "EnumsLib\EnumsLib.csproj", "{7B1CAE56-45E0-41EB-98BB-C69AF4A928FA}"
EndProject
Project("{FAE04EC0-301F-11D3-BF4B-00C04F79EFBC}") = "ClientTest", "ClientTest\ClientTest.csproj", "{292D34AA-4FFA-4959-96B2-E640744D3236}"
EndProject
Project("{2150E333-8FDC-42A3-9474-1A3956D46DE8}") = "UI", "UI", "{6347A19A-03FC-4AFF-8D2D-2B8E900F6C6C}"
EndProject
Project("{FAE04EC0-301F-11D3-BF4B-00C04F79EFBC}") = "TermiteUI", "TermiteUI\TermiteUI.csproj", "{5A62A3FF-7D3D-45FA-BDB2-9DDAFE4EEE01}"
EndProject
Global
	GlobalSection(SolutionConfigurationPlatforms) = preSolution
		Debug|Any CPU = Debug|Any CPU
		Release|Any CPU = Release|Any CPU
	EndGlobalSection
	GlobalSection(ProjectConfigurationPlatforms) = postSolution
		{4800F466-8D81-4C90-A504-28AFF5E0B505}.Debug|Any CPU.ActiveCfg = Debug|Any CPU
		{4800F466-8D81-4C90-A504-28AFF5E0B505}.Debug|Any CPU.Build.0 = Debug|Any CPU
		{4800F466-8D81-4C90-A504-28AFF5E0B505}.Release|Any CPU.ActiveCfg = Release|Any CPU
		{4800F466-8D81-4C90-A504-28AFF5E0B505}.Release|Any CPU.Build.0 = Release|Any CPU
		{1C074125-17CF-4842-8C27-766CF2CF8522}.Debug|Any CPU.ActiveCfg = Debug|Any CPU
		{1C074125-17CF-4842-8C27-766CF2CF8522}.Debug|Any CPU.Build.0 = Debug|Any CPU
		{1C074125-17CF-4842-8C27-766CF2CF8522}.Release|Any CPU.ActiveCfg = Release|Any CPU
		{1C074125-17CF-4842-8C27-766CF2CF8522}.Release|Any CPU.Build.0 = Release|Any CPU
		{DD19A771-B0C6-4AB6-A336-CD55443862F0}.Debug|Any CPU.ActiveCfg = Debug|Any CPU
		{DD19A771-B0C6-4AB6-A336-CD55443862F0}.Debug|Any CPU.Build.0 = Debug|Any CPU
		{DD19A771-B0C6-4AB6-A336-CD55443862F0}.Release|Any CPU.ActiveCfg = Release|Any CPU
		{DD19A771-B0C6-4AB6-A336-CD55443862F0}.Release|Any CPU.Build.0 = Release|Any CPU
		{182A6136-C062-4EB2-8D53-0144641C74FC}.Debug|Any CPU.ActiveCfg = Debug|Any CPU
		{182A6136-C062-4EB2-8D53-0144641C74FC}.Debug|Any CPU.Build.0 = Debug|Any CPU
		{182A6136-C062-4EB2-8D53-0144641C74FC}.Release|Any CPU.ActiveCfg = Release|Any CPU
		{182A6136-C062-4EB2-8D53-0144641C74FC}.Release|Any CPU.Build.0 = Release|Any CPU
		{0AB885A1-127F-4404-B422-6482F92D8A68}.Debug|Any CPU.ActiveCfg = Debug|Any CPU
		{0AB885A1-127F-4404-B422-6482F92D8A68}.Debug|Any CPU.Build.0 = Debug|Any CPU
		{0AB885A1-127F-4404-B422-6482F92D8A68}.Release|Any CPU.ActiveCfg = Release|Any CPU
		{0AB885A1-127F-4404-B422-6482F92D8A68}.Release|Any CPU.Build.0 = Release|Any CPU
		{D01B9B8A-50CF-490B-A7A5-3458DF5493A1}.Debug|Any CPU.ActiveCfg = Debug|Any CPU
		{D01B9B8A-50CF-490B-A7A5-3458DF5493A1}.Debug|Any CPU.Build.0 = Debug|Any CPU
		{D01B9B8A-50CF-490B-A7A5-3458DF5493A1}.Release|Any CPU.ActiveCfg = Release|Any CPU
		{D01B9B8A-50CF-490B-A7A5-3458DF5493A1}.Release|Any CPU.Build.0 = Release|Any CPU
		{51140A9D-1A89-405C-961A-3947EC2C5173}.Debug|Any CPU.ActiveCfg = Debug|Any CPU
		{51140A9D-1A89-405C-961A-3947EC2C5173}.Debug|Any CPU.Build.0 = Debug|Any CPU
		{51140A9D-1A89-405C-961A-3947EC2C5173}.Release|Any CPU.ActiveCfg = Release|Any CPU
		{51140A9D-1A89-405C-961A-3947EC2C5173}.Release|Any CPU.Build.0 = Release|Any CPU
		{A38895BF-1A04-47E0-B0DD-F5E2C0B37C96}.Debug|Any CPU.ActiveCfg = Debug|Any CPU
		{A38895BF-1A04-47E0-B0DD-F5E2C0B37C96}.Debug|Any CPU.Build.0 = Debug|Any CPU
		{A38895BF-1A04-47E0-B0DD-F5E2C0B37C96}.Release|Any CPU.ActiveCfg = Release|Any CPU
		{A38895BF-1A04-47E0-B0DD-F5E2C0B37C96}.Release|Any CPU.Build.0 = Release|Any CPU
		{BAE9054B-BDD7-410A-ACBE-B6CD3D247E54}.Debug|Any CPU.ActiveCfg = Debug|Any CPU
		{BAE9054B-BDD7-410A-ACBE-B6CD3D247E54}.Debug|Any CPU.Build.0 = Debug|Any CPU
		{BAE9054B-BDD7-410A-ACBE-B6CD3D247E54}.Release|Any CPU.ActiveCfg = Release|Any CPU
		{BAE9054B-BDD7-410A-ACBE-B6CD3D247E54}.Release|Any CPU.Build.0 = Release|Any CPU
		{5147AE56-9BBE-4979-8E63-B1DF08E89716}.Debug|Any CPU.ActiveCfg = Debug|Any CPU
		{5147AE56-9BBE-4979-8E63-B1DF08E89716}.Debug|Any CPU.Build.0 = Debug|Any CPU
		{5147AE56-9BBE-4979-8E63-B1DF08E89716}.Release|Any CPU.ActiveCfg = Release|Any CPU
		{5147AE56-9BBE-4979-8E63-B1DF08E89716}.Release|Any CPU.Build.0 = Release|Any CPU
		{12CED3AD-4B29-4564-8B95-3548166FB1E0}.Debug|Any CPU.ActiveCfg = Debug|Any CPU
		{12CED3AD-4B29-4564-8B95-3548166FB1E0}.Debug|Any CPU.Build.0 = Debug|Any CPU
		{12CED3AD-4B29-4564-8B95-3548166FB1E0}.Release|Any CPU.ActiveCfg = Release|Any CPU
		{12CED3AD-4B29-4564-8B95-3548166FB1E0}.Release|Any CPU.Build.0 = Release|Any CPU
		{19E3D593-1664-4F50-8EA9-0CF40A787627}.Debug|Any CPU.ActiveCfg = Debug|Any CPU
		{19E3D593-1664-4F50-8EA9-0CF40A787627}.Debug|Any CPU.Build.0 = Debug|Any CPU
		{19E3D593-1664-4F50-8EA9-0CF40A787627}.Release|Any CPU.ActiveCfg = Release|Any CPU
		{19E3D593-1664-4F50-8EA9-0CF40A787627}.Release|Any CPU.Build.0 = Release|Any CPU
		{B13AAC7A-824E-411A-B222-0886A5B0E3BA}.Debug|Any CPU.ActiveCfg = Debug|Any CPU
		{B13AAC7A-824E-411A-B222-0886A5B0E3BA}.Debug|Any CPU.Build.0 = Debug|Any CPU
		{B13AAC7A-824E-411A-B222-0886A5B0E3BA}.Release|Any CPU.ActiveCfg = Release|Any CPU
		{B13AAC7A-824E-411A-B222-0886A5B0E3BA}.Release|Any CPU.Build.0 = Release|Any CPU
		{533B125C-D246-4141-97C8-2E6853F031EC}.Debug|Any CPU.ActiveCfg = Debug|Any CPU
		{533B125C-D246-4141-97C8-2E6853F031EC}.Debug|Any CPU.Build.0 = Debug|Any CPU
		{533B125C-D246-4141-97C8-2E6853F031EC}.Release|Any CPU.ActiveCfg = Release|Any CPU
		{533B125C-D246-4141-97C8-2E6853F031EC}.Release|Any CPU.Build.0 = Release|Any CPU
		{52E845CA-BE01-4218-89A5-4905363EE1F5}.Debug|Any CPU.ActiveCfg = Debug|Any CPU
		{52E845CA-BE01-4218-89A5-4905363EE1F5}.Debug|Any CPU.Build.0 = Debug|Any CPU
		{52E845CA-BE01-4218-89A5-4905363EE1F5}.Release|Any CPU.ActiveCfg = Release|Any CPU
		{52E845CA-BE01-4218-89A5-4905363EE1F5}.Release|Any CPU.Build.0 = Release|Any CPU
		{DF200A7B-84CA-4692-806F-845CA1F4D261}.Debug|Any CPU.ActiveCfg = Debug|Any CPU
		{DF200A7B-84CA-4692-806F-845CA1F4D261}.Debug|Any CPU.Build.0 = Debug|Any CPU
		{DF200A7B-84CA-4692-806F-845CA1F4D261}.Release|Any CPU.ActiveCfg = Release|Any CPU
		{DF200A7B-84CA-4692-806F-845CA1F4D261}.Release|Any CPU.Build.0 = Release|Any CPU
		{3736DEF7-4E16-4F21-A092-1F6BC3547CCA}.Debug|Any CPU.ActiveCfg = Debug|Any CPU
		{3736DEF7-4E16-4F21-A092-1F6BC3547CCA}.Debug|Any CPU.Build.0 = Debug|Any CPU
		{3736DEF7-4E16-4F21-A092-1F6BC3547CCA}.Release|Any CPU.ActiveCfg = Release|Any CPU
		{3736DEF7-4E16-4F21-A092-1F6BC3547CCA}.Release|Any CPU.Build.0 = Release|Any CPU
		{2B9C23F8-9E20-40A5-B198-9B33D86433C2}.Debug|Any CPU.ActiveCfg = Debug|Any CPU
		{2B9C23F8-9E20-40A5-B198-9B33D86433C2}.Debug|Any CPU.Build.0 = Debug|Any CPU
		{2B9C23F8-9E20-40A5-B198-9B33D86433C2}.Release|Any CPU.ActiveCfg = Release|Any CPU
		{2B9C23F8-9E20-40A5-B198-9B33D86433C2}.Release|Any CPU.Build.0 = Release|Any CPU
		{A57CB84F-6FC7-4204-A115-DAD547B198BB}.Debug|Any CPU.ActiveCfg = Debug|Any CPU
		{A57CB84F-6FC7-4204-A115-DAD547B198BB}.Debug|Any CPU.Build.0 = Debug|Any CPU
		{A57CB84F-6FC7-4204-A115-DAD547B198BB}.Release|Any CPU.ActiveCfg = Release|Any CPU
		{A57CB84F-6FC7-4204-A115-DAD547B198BB}.Release|Any CPU.Build.0 = Release|Any CPU
		{7B1CAE56-45E0-41EB-98BB-C69AF4A928FA}.Debug|Any CPU.ActiveCfg = Debug|Any CPU
		{7B1CAE56-45E0-41EB-98BB-C69AF4A928FA}.Debug|Any CPU.Build.0 = Debug|Any CPU
		{7B1CAE56-45E0-41EB-98BB-C69AF4A928FA}.Release|Any CPU.ActiveCfg = Release|Any CPU
		{7B1CAE56-45E0-41EB-98BB-C69AF4A928FA}.Release|Any CPU.Build.0 = Release|Any CPU
		{292D34AA-4FFA-4959-96B2-E640744D3236}.Debug|Any CPU.ActiveCfg = Debug|Any CPU
		{292D34AA-4FFA-4959-96B2-E640744D3236}.Debug|Any CPU.Build.0 = Debug|Any CPU
		{292D34AA-4FFA-4959-96B2-E640744D3236}.Release|Any CPU.ActiveCfg = Release|Any CPU
		{292D34AA-4FFA-4959-96B2-E640744D3236}.Release|Any CPU.Build.0 = Release|Any CPU
		{5A62A3FF-7D3D-45FA-BDB2-9DDAFE4EEE01}.Debug|Any CPU.ActiveCfg = Debug|Any CPU
		{5A62A3FF-7D3D-45FA-BDB2-9DDAFE4EEE01}.Debug|Any CPU.Build.0 = Debug|Any CPU
		{5A62A3FF-7D3D-45FA-BDB2-9DDAFE4EEE01}.Release|Any CPU.ActiveCfg = Release|Any CPU
		{5A62A3FF-7D3D-45FA-BDB2-9DDAFE4EEE01}.Release|Any CPU.Build.0 = Release|Any CPU
	EndGlobalSection
	GlobalSection(NestedProjects) = preSolution
		{4800F466-8D81-4C90-A504-28AFF5E0B505} = {CD0194AB-21EA-426A-BD89-66A288DDED10}
		{1C074125-17CF-4842-8C27-766CF2CF8522} = {CD0194AB-21EA-426A-BD89-66A288DDED10}
		{182A6136-C062-4EB2-8D53-0144641C74FC} = {CD0194AB-21EA-426A-BD89-66A288DDED10}
		{12CED3AD-4B29-4564-8B95-3548166FB1E0} = {DE0AD086-B51B-4D8B-A613-40A82AE9C891}
		{19E3D593-1664-4F50-8EA9-0CF40A787627} = {DE0AD086-B51B-4D8B-A613-40A82AE9C891}
		{51140A9D-1A89-405C-961A-3947EC2C5173} = {A3D66E23-6E9A-4745-875D-F4C53E916DA9}
		{A38895BF-1A04-47E0-B0DD-F5E2C0B37C96} = {A3D66E23-6E9A-4745-875D-F4C53E916DA9}
		{DD19A771-B0C6-4AB6-A336-CD55443862F0} = {DE0AD086-B51B-4D8B-A613-40A82AE9C891}
		{0AB885A1-127F-4404-B422-6482F92D8A68} = {9DDAC685-9BDA-438A-B08D-1FA2CA047485}
		{533B125C-D246-4141-97C8-2E6853F031EC} = {9DDAC685-9BDA-438A-B08D-1FA2CA047485}
		{52E845CA-BE01-4218-89A5-4905363EE1F5} = {A3D66E23-6E9A-4745-875D-F4C53E916DA9}
		{DF200A7B-84CA-4692-806F-845CA1F4D261} = {A3D66E23-6E9A-4745-875D-F4C53E916DA9}
		{3736DEF7-4E16-4F21-A092-1F6BC3547CCA} = {63E56F9A-3A0F-4724-A7EB-0F45634FB65E}
		{2B9C23F8-9E20-40A5-B198-9B33D86433C2} = {63E56F9A-3A0F-4724-A7EB-0F45634FB65E}
		{292D34AA-4FFA-4959-96B2-E640744D3236} = {DE0AD086-B51B-4D8B-A613-40A82AE9C891}
		{5A62A3FF-7D3D-45FA-BDB2-9DDAFE4EEE01} = {6347A19A-03FC-4AFF-8D2D-2B8E900F6C6C}
	EndGlobalSection
EndGlobal
